
Microsoft Visual Studio Solution File, Format Version 12.00
# Visual Studio 15
VisualStudioVersion = 15.0.28307.1000
MinimumVisualStudioVersion = 10.0.40219.1
Project("{FAE04EC0-301F-11D3-BF4B-00C04F79EFBC}") = "SRP", "SRP\SRP.csproj", "{E430E6F9-755D-4AAE-A89D-DFF3743D3E2E}"
EndProject
Global
	GlobalSection(SolutionConfigurationPlatforms) = preSolution
		Debug|Any CPU = Debug|Any CPU
		Release|Any CPU = Release|Any CPU
	EndGlobalSection
	GlobalSection(ProjectConfigurationPlatforms) = postSolution
		{E430E6F9-755D-4AAE-A89D-DFF3743D3E2E}.Debug|Any CPU.ActiveCfg = Debug|Any CPU
		{E430E6F9-755D-4AAE-A89D-DFF3743D3E2E}.Debug|Any CPU.Build.0 = Debug|Any CPU
		{E430E6F9-755D-4AAE-A89D-DFF3743D3E2E}.Release|Any CPU.ActiveCfg = Release|Any CPU
		{E430E6F9-755D-4AAE-A89D-DFF3743D3E2E}.Release|Any CPU.Build.0 = Release|Any CPU
	EndGlobalSection
	GlobalSection(SolutionProperties) = preSolution
		HideSolutionNode = FALSE
	EndGlobalSection
	GlobalSection(ExtensibilityGlobals) = postSolution
		SolutionGuid = {85347893-AF8F-4FD3-BED8-C5B468DF106A}
	EndGlobalSection
EndGlobal
